
Microsoft Visual Studio Solution File, Format Version 12.00
# Visual Studio Version 16
VisualStudioVersion = 16.0.30114.105
MinimumVisualStudioVersion = 10.0.40219.1
Project("{FAE04EC0-301F-11D3-BF4B-00C04F79EFBC}") = "Lecture01", "Lecture01\Lecture01.csproj", "{D8C9B2DF-32BA-42A6-BE8D-501A71D9A95E}"
EndProject
Project("{FAE04EC0-301F-11D3-BF4B-00C04F79EFBC}") = "Lecture01.Tests", "Lecture01.Tests\Lecture01.Tests.csproj", "{B343DBC0-E7D8-498E-B46D-B69F5091170E}"
EndProject
Project("{FAE04EC0-301F-11D3-BF4B-00C04F79EFBC}") = "Lecture02", "Lecture02\Lecture02.csproj", "{4FB7E313-8266-41F2-851A-D283E9F9E78B}"
EndProject
Project("{FAE04EC0-301F-11D3-BF4B-00C04F79EFBC}") = "Lecture02.Tests", "Lecture02.Tests\Lecture02.Tests.csproj", "{919CD16E-8A36-4422-9307-1BD5C98C44D4}"
EndProject
Project("{FAE04EC0-301F-11D3-BF4B-00C04F79EFBC}") = "Lecture03", "Lecture03\Lecture03.csproj", "{B670EACB-8245-4204-9C45-F0555AC1E6A5}"
EndProject
Project("{FAE04EC0-301F-11D3-BF4B-00C04F79EFBC}") = "Lecture04", "Lecture04\Lecture04.csproj", "{B3B34008-800D-4D04-9044-72F906370D73}"
EndProject
Project("{FAE04EC0-301F-11D3-BF4B-00C04F79EFBC}") = "Lecture04.Entities", "Lecture04.Entities\Lecture04.Entities.csproj", "{63F97FB2-ADA0-4B25-A694-5C542284E67B}"
EndProject
Global
	GlobalSection(SolutionConfigurationPlatforms) = preSolution
		Debug|Any CPU = Debug|Any CPU
		Debug|x64 = Debug|x64
		Debug|x86 = Debug|x86
		Release|Any CPU = Release|Any CPU
		Release|x64 = Release|x64
		Release|x86 = Release|x86
	EndGlobalSection
	GlobalSection(SolutionProperties) = preSolution
		HideSolutionNode = FALSE
	EndGlobalSection
	GlobalSection(ProjectConfigurationPlatforms) = postSolution
		{D8C9B2DF-32BA-42A6-BE8D-501A71D9A95E}.Debug|Any CPU.ActiveCfg = Debug|Any CPU
		{D8C9B2DF-32BA-42A6-BE8D-501A71D9A95E}.Debug|Any CPU.Build.0 = Debug|Any CPU
		{D8C9B2DF-32BA-42A6-BE8D-501A71D9A95E}.Debug|x64.ActiveCfg = Debug|Any CPU
		{D8C9B2DF-32BA-42A6-BE8D-501A71D9A95E}.Debug|x64.Build.0 = Debug|Any CPU
		{D8C9B2DF-32BA-42A6-BE8D-501A71D9A95E}.Debug|x86.ActiveCfg = Debug|Any CPU
		{D8C9B2DF-32BA-42A6-BE8D-501A71D9A95E}.Debug|x86.Build.0 = Debug|Any CPU
		{D8C9B2DF-32BA-42A6-BE8D-501A71D9A95E}.Release|Any CPU.ActiveCfg = Release|Any CPU
		{D8C9B2DF-32BA-42A6-BE8D-501A71D9A95E}.Release|Any CPU.Build.0 = Release|Any CPU
		{D8C9B2DF-32BA-42A6-BE8D-501A71D9A95E}.Release|x64.ActiveCfg = Release|Any CPU
		{D8C9B2DF-32BA-42A6-BE8D-501A71D9A95E}.Release|x64.Build.0 = Release|Any CPU
		{D8C9B2DF-32BA-42A6-BE8D-501A71D9A95E}.Release|x86.ActiveCfg = Release|Any CPU
		{D8C9B2DF-32BA-42A6-BE8D-501A71D9A95E}.Release|x86.Build.0 = Release|Any CPU
		{B343DBC0-E7D8-498E-B46D-B69F5091170E}.Debug|Any CPU.ActiveCfg = Debug|Any CPU
		{B343DBC0-E7D8-498E-B46D-B69F5091170E}.Debug|Any CPU.Build.0 = Debug|Any CPU
		{B343DBC0-E7D8-498E-B46D-B69F5091170E}.Debug|x64.ActiveCfg = Debug|Any CPU
		{B343DBC0-E7D8-498E-B46D-B69F5091170E}.Debug|x64.Build.0 = Debug|Any CPU
		{B343DBC0-E7D8-498E-B46D-B69F5091170E}.Debug|x86.ActiveCfg = Debug|Any CPU
		{B343DBC0-E7D8-498E-B46D-B69F5091170E}.Debug|x86.Build.0 = Debug|Any CPU
		{B343DBC0-E7D8-498E-B46D-B69F5091170E}.Release|Any CPU.ActiveCfg = Release|Any CPU
		{B343DBC0-E7D8-498E-B46D-B69F5091170E}.Release|Any CPU.Build.0 = Release|Any CPU
		{B343DBC0-E7D8-498E-B46D-B69F5091170E}.Release|x64.ActiveCfg = Release|Any CPU
		{B343DBC0-E7D8-498E-B46D-B69F5091170E}.Release|x64.Build.0 = Release|Any CPU
		{B343DBC0-E7D8-498E-B46D-B69F5091170E}.Release|x86.ActiveCfg = Release|Any CPU
		{B343DBC0-E7D8-498E-B46D-B69F5091170E}.Release|x86.Build.0 = Release|Any CPU
		{4FB7E313-8266-41F2-851A-D283E9F9E78B}.Debug|Any CPU.ActiveCfg = Debug|Any CPU
		{4FB7E313-8266-41F2-851A-D283E9F9E78B}.Debug|Any CPU.Build.0 = Debug|Any CPU
		{4FB7E313-8266-41F2-851A-D283E9F9E78B}.Debug|x64.ActiveCfg = Debug|Any CPU
		{4FB7E313-8266-41F2-851A-D283E9F9E78B}.Debug|x64.Build.0 = Debug|Any CPU
		{4FB7E313-8266-41F2-851A-D283E9F9E78B}.Debug|x86.ActiveCfg = Debug|Any CPU
		{4FB7E313-8266-41F2-851A-D283E9F9E78B}.Debug|x86.Build.0 = Debug|Any CPU
		{4FB7E313-8266-41F2-851A-D283E9F9E78B}.Release|Any CPU.ActiveCfg = Release|Any CPU
		{4FB7E313-8266-41F2-851A-D283E9F9E78B}.Release|Any CPU.Build.0 = Release|Any CPU
		{4FB7E313-8266-41F2-851A-D283E9F9E78B}.Release|x64.ActiveCfg = Release|Any CPU
		{4FB7E313-8266-41F2-851A-D283E9F9E78B}.Release|x64.Build.0 = Release|Any CPU
		{4FB7E313-8266-41F2-851A-D283E9F9E78B}.Release|x86.ActiveCfg = Release|Any CPU
		{4FB7E313-8266-41F2-851A-D283E9F9E78B}.Release|x86.Build.0 = Release|Any CPU
		{919CD16E-8A36-4422-9307-1BD5C98C44D4}.Debug|Any CPU.ActiveCfg = Debug|Any CPU
		{919CD16E-8A36-4422-9307-1BD5C98C44D4}.Debug|Any CPU.Build.0 = Debug|Any CPU
		{919CD16E-8A36-4422-9307-1BD5C98C44D4}.Debug|x64.ActiveCfg = Debug|Any CPU
		{919CD16E-8A36-4422-9307-1BD5C98C44D4}.Debug|x64.Build.0 = Debug|Any CPU
		{919CD16E-8A36-4422-9307-1BD5C98C44D4}.Debug|x86.ActiveCfg = Debug|Any CPU
		{919CD16E-8A36-4422-9307-1BD5C98C44D4}.Debug|x86.Build.0 = Debug|Any CPU
		{919CD16E-8A36-4422-9307-1BD5C98C44D4}.Release|Any CPU.ActiveCfg = Release|Any CPU
		{919CD16E-8A36-4422-9307-1BD5C98C44D4}.Release|Any CPU.Build.0 = Release|Any CPU
		{919CD16E-8A36-4422-9307-1BD5C98C44D4}.Release|x64.ActiveCfg = Release|Any CPU
		{919CD16E-8A36-4422-9307-1BD5C98C44D4}.Release|x64.Build.0 = Release|Any CPU
		{919CD16E-8A36-4422-9307-1BD5C98C44D4}.Release|x86.ActiveCfg = Release|Any CPU
		{919CD16E-8A36-4422-9307-1BD5C98C44D4}.Release|x86.Build.0 = Release|Any CPU
		{B670EACB-8245-4204-9C45-F0555AC1E6A5}.Debug|Any CPU.ActiveCfg = Debug|Any CPU
		{B670EACB-8245-4204-9C45-F0555AC1E6A5}.Debug|Any CPU.Build.0 = Debug|Any CPU
		{B670EACB-8245-4204-9C45-F0555AC1E6A5}.Debug|x64.ActiveCfg = Debug|Any CPU
		{B670EACB-8245-4204-9C45-F0555AC1E6A5}.Debug|x64.Build.0 = Debug|Any CPU
		{B670EACB-8245-4204-9C45-F0555AC1E6A5}.Debug|x86.ActiveCfg = Debug|Any CPU
		{B670EACB-8245-4204-9C45-F0555AC1E6A5}.Debug|x86.Build.0 = Debug|Any CPU
		{B670EACB-8245-4204-9C45-F0555AC1E6A5}.Release|Any CPU.ActiveCfg = Release|Any CPU
		{B670EACB-8245-4204-9C45-F0555AC1E6A5}.Release|Any CPU.Build.0 = Release|Any CPU
		{B670EACB-8245-4204-9C45-F0555AC1E6A5}.Release|x64.ActiveCfg = Release|Any CPU
		{B670EACB-8245-4204-9C45-F0555AC1E6A5}.Release|x64.Build.0 = Release|Any CPU
		{B670EACB-8245-4204-9C45-F0555AC1E6A5}.Release|x86.ActiveCfg = Release|Any CPU
		{B670EACB-8245-4204-9C45-F0555AC1E6A5}.Release|x86.Build.0 = Release|Any CPU
		{B3B34008-800D-4D04-9044-72F906370D73}.Debug|Any CPU.ActiveCfg = Debug|Any CPU
		{B3B34008-800D-4D04-9044-72F906370D73}.Debug|Any CPU.Build.0 = Debug|Any CPU
		{B3B34008-800D-4D04-9044-72F906370D73}.Debug|x64.ActiveCfg = Debug|Any CPU
		{B3B34008-800D-4D04-9044-72F906370D73}.Debug|x64.Build.0 = Debug|Any CPU
		{B3B34008-800D-4D04-9044-72F906370D73}.Debug|x86.ActiveCfg = Debug|Any CPU
		{B3B34008-800D-4D04-9044-72F906370D73}.Debug|x86.Build.0 = Debug|Any CPU
		{B3B34008-800D-4D04-9044-72F906370D73}.Release|Any CPU.ActiveCfg = Release|Any CPU
		{B3B34008-800D-4D04-9044-72F906370D73}.Release|Any CPU.Build.0 = Release|Any CPU
		{B3B34008-800D-4D04-9044-72F906370D73}.Release|x64.ActiveCfg = Release|Any CPU
		{B3B34008-800D-4D04-9044-72F906370D73}.Release|x64.Build.0 = Release|Any CPU
		{B3B34008-800D-4D04-9044-72F906370D73}.Release|x86.ActiveCfg = Release|Any CPU
		{B3B34008-800D-4D04-9044-72F906370D73}.Release|x86.Build.0 = Release|Any CPU
		{63F97FB2-ADA0-4B25-A694-5C542284E67B}.Debug|Any CPU.ActiveCfg = Debug|Any CPU
		{63F97FB2-ADA0-4B25-A694-5C542284E67B}.Debug|Any CPU.Build.0 = Debug|Any CPU
		{63F97FB2-ADA0-4B25-A694-5C542284E67B}.Debug|x64.ActiveCfg = Debug|Any CPU
		{63F97FB2-ADA0-4B25-A694-5C542284E67B}.Debug|x64.Build.0 = Debug|Any CPU
		{63F97FB2-ADA0-4B25-A694-5C542284E67B}.Debug|x86.ActiveCfg = Debug|Any CPU
		{63F97FB2-ADA0-4B25-A694-5C542284E67B}.Debug|x86.Build.0 = Debug|Any CPU
		{63F97FB2-ADA0-4B25-A694-5C542284E67B}.Release|Any CPU.ActiveCfg = Release|Any CPU
		{63F97FB2-ADA0-4B25-A694-5C542284E67B}.Release|Any CPU.Build.0 = Release|Any CPU
		{63F97FB2-ADA0-4B25-A694-5C542284E67B}.Release|x64.ActiveCfg = Release|Any CPU
		{63F97FB2-ADA0-4B25-A694-5C542284E67B}.Release|x64.Build.0 = Release|Any CPU
		{63F97FB2-ADA0-4B25-A694-5C542284E67B}.Release|x86.ActiveCfg = Release|Any CPU
		{63F97FB2-ADA0-4B25-A694-5C542284E67B}.Release|x86.Build.0 = Release|Any CPU
	EndGlobalSection
EndGlobal
