
Microsoft Visual Studio Solution File, Format Version 12.00
# Visual Studio Version 17
VisualStudioVersion = 17.0.31903.59
MinimumVisualStudioVersion = 10.0.40219.1
Project("{9A19103F-16F7-4668-BE54-9A1E7A4F7556}") = "AsyncAndParallel", "AsyncAndParallel\AsyncAndParallel.csproj", "{EC7B8B2E-69D4-4077-8487-81F02DB81606}"
EndProject
Project("{9A19103F-16F7-4668-BE54-9A1E7A4F7556}") = "AsyncAndParallel.UI", "AsyncAndParallel.UI\AsyncAndParallel.UI.csproj", "{33C1867C-49D9-4964-9FD8-8F8C348F86A6}"
EndProject
Project("{9A19103F-16F7-4668-BE54-9A1E7A4F7556}") = "DataAccess", "DataAccess\DataAccess.csproj", "{AB34AEC2-243E-475D-95E2-2481ADE76F84}"
EndProject
Project("{9A19103F-16F7-4668-BE54-9A1E7A4F7556}") = "Generics", "Generics\Generics.csproj", "{54F9E9F4-8017-47F8-8024-F1B387583D3F}"
EndProject
Project("{9A19103F-16F7-4668-BE54-9A1E7A4F7556}") = "Generics.Tests", "Generics.Tests\Generics.Tests.csproj", "{ECAE0522-EF02-4598-891B-EEF796031603}"
EndProject
Project("{9A19103F-16F7-4668-BE54-9A1E7A4F7556}") = "HelloWorld", "HelloWorld\HelloWorld.csproj", "{AEC9329B-510A-46D5-BAE9-B2CE8848203E}"
EndProject
Project("{9A19103F-16F7-4668-BE54-9A1E7A4F7556}") = "HelloWorld.Tests", "HelloWorld.Tests\HelloWorld.Tests.csproj", "{34DEFB8C-F213-4099-AB86-300E6C54B3A7}"
EndProject
Project("{9A19103F-16F7-4668-BE54-9A1E7A4F7556}") = "Linq", "Linq\Linq.csproj", "{E77BD31C-62C1-432D-AFD2-29A7FD20A1B4}"
EndProject
Project("{9A19103F-16F7-4668-BE54-9A1E7A4F7556}") = "MyApp.Api", "MyApp.Api\MyApp.Api.csproj", "{18356287-BA19-4F3F-8BE8-D1AD2EE0D938}"
EndProject
Project("{9A19103F-16F7-4668-BE54-9A1E7A4F7556}") = "MyApp.Api.Tests", "MyApp.Api.Tests\MyApp.Api.Tests.csproj", "{906E5E82-7CFD-4302-8B43-73529D0A4FC3}"
EndProject
Project("{9A19103F-16F7-4668-BE54-9A1E7A4F7556}") = "MyApp.Core", "MyApp.Core\MyApp.Core.csproj", "{21E05537-F141-43B0-B92E-DF5BD1C94C81}"
EndProject
Project("{9A19103F-16F7-4668-BE54-9A1E7A4F7556}") = "MyApp.Infrastructure", "MyApp.Infrastructure\MyApp.Infrastructure.csproj", "{C7977876-E65D-4F87-9A79-CA3E917F3D7A}"
EndProject
Project("{9A19103F-16F7-4668-BE54-9A1E7A4F7556}") = "MyApp.Infrastructure.Tests", "MyApp.Infrastructure.Tests\MyApp.Infrastructure.Tests.csproj", "{A56CD457-191B-4911-8A17-E58539083F81}"
EndProject
Project("{9A19103F-16F7-4668-BE54-9A1E7A4F7556}") = "MyApp.Web", "MyApp.Web\MyApp.Web.csproj", "{7AFCEBFC-BF69-4D69-ADCA-148EA6CF8359}"
EndProject
Global
	GlobalSection(SolutionConfigurationPlatforms) = preSolution
		Debug|Any CPU = Debug|Any CPU
		Release|Any CPU = Release|Any CPU
	EndGlobalSection
	GlobalSection(ProjectConfigurationPlatforms) = postSolution
		{EC7B8B2E-69D4-4077-8487-81F02DB81606}.Debug|Any CPU.ActiveCfg = Debug|Any CPU
		{EC7B8B2E-69D4-4077-8487-81F02DB81606}.Debug|Any CPU.Build.0 = Debug|Any CPU
		{EC7B8B2E-69D4-4077-8487-81F02DB81606}.Release|Any CPU.ActiveCfg = Release|Any CPU
		{EC7B8B2E-69D4-4077-8487-81F02DB81606}.Release|Any CPU.Build.0 = Release|Any CPU
		{33C1867C-49D9-4964-9FD8-8F8C348F86A6}.Debug|Any CPU.ActiveCfg = Debug|Any CPU
		{33C1867C-49D9-4964-9FD8-8F8C348F86A6}.Debug|Any CPU.Build.0 = Debug|Any CPU
		{33C1867C-49D9-4964-9FD8-8F8C348F86A6}.Release|Any CPU.ActiveCfg = Release|Any CPU
		{33C1867C-49D9-4964-9FD8-8F8C348F86A6}.Release|Any CPU.Build.0 = Release|Any CPU
		{AB34AEC2-243E-475D-95E2-2481ADE76F84}.Debug|Any CPU.ActiveCfg = Debug|Any CPU
		{AB34AEC2-243E-475D-95E2-2481ADE76F84}.Debug|Any CPU.Build.0 = Debug|Any CPU
		{AB34AEC2-243E-475D-95E2-2481ADE76F84}.Release|Any CPU.ActiveCfg = Release|Any CPU
		{AB34AEC2-243E-475D-95E2-2481ADE76F84}.Release|Any CPU.Build.0 = Release|Any CPU
		{54F9E9F4-8017-47F8-8024-F1B387583D3F}.Debug|Any CPU.ActiveCfg = Debug|Any CPU
		{54F9E9F4-8017-47F8-8024-F1B387583D3F}.Debug|Any CPU.Build.0 = Debug|Any CPU
		{54F9E9F4-8017-47F8-8024-F1B387583D3F}.Release|Any CPU.ActiveCfg = Release|Any CPU
		{54F9E9F4-8017-47F8-8024-F1B387583D3F}.Release|Any CPU.Build.0 = Release|Any CPU
		{ECAE0522-EF02-4598-891B-EEF796031603}.Debug|Any CPU.ActiveCfg = Debug|Any CPU
		{ECAE0522-EF02-4598-891B-EEF796031603}.Debug|Any CPU.Build.0 = Debug|Any CPU
		{ECAE0522-EF02-4598-891B-EEF796031603}.Release|Any CPU.ActiveCfg = Release|Any CPU
		{ECAE0522-EF02-4598-891B-EEF796031603}.Release|Any CPU.Build.0 = Release|Any CPU
		{AEC9329B-510A-46D5-BAE9-B2CE8848203E}.Debug|Any CPU.ActiveCfg = Debug|Any CPU
		{AEC9329B-510A-46D5-BAE9-B2CE8848203E}.Debug|Any CPU.Build.0 = Debug|Any CPU
		{AEC9329B-510A-46D5-BAE9-B2CE8848203E}.Release|Any CPU.ActiveCfg = Release|Any CPU
		{AEC9329B-510A-46D5-BAE9-B2CE8848203E}.Release|Any CPU.Build.0 = Release|Any CPU
		{34DEFB8C-F213-4099-AB86-300E6C54B3A7}.Debug|Any CPU.ActiveCfg = Debug|Any CPU
		{34DEFB8C-F213-4099-AB86-300E6C54B3A7}.Debug|Any CPU.Build.0 = Debug|Any CPU
		{34DEFB8C-F213-4099-AB86-300E6C54B3A7}.Release|Any CPU.ActiveCfg = Release|Any CPU
		{34DEFB8C-F213-4099-AB86-300E6C54B3A7}.Release|Any CPU.Build.0 = Release|Any CPU
		{E77BD31C-62C1-432D-AFD2-29A7FD20A1B4}.Debug|Any CPU.ActiveCfg = Debug|Any CPU
		{E77BD31C-62C1-432D-AFD2-29A7FD20A1B4}.Debug|Any CPU.Build.0 = Debug|Any CPU
		{E77BD31C-62C1-432D-AFD2-29A7FD20A1B4}.Release|Any CPU.ActiveCfg = Release|Any CPU
		{E77BD31C-62C1-432D-AFD2-29A7FD20A1B4}.Release|Any CPU.Build.0 = Release|Any CPU
		{18356287-BA19-4F3F-8BE8-D1AD2EE0D938}.Debug|Any CPU.ActiveCfg = Debug|Any CPU
		{18356287-BA19-4F3F-8BE8-D1AD2EE0D938}.Debug|Any CPU.Build.0 = Debug|Any CPU
		{18356287-BA19-4F3F-8BE8-D1AD2EE0D938}.Release|Any CPU.ActiveCfg = Release|Any CPU
		{18356287-BA19-4F3F-8BE8-D1AD2EE0D938}.Release|Any CPU.Build.0 = Release|Any CPU
		{906E5E82-7CFD-4302-8B43-73529D0A4FC3}.Debug|Any CPU.ActiveCfg = Debug|Any CPU
		{906E5E82-7CFD-4302-8B43-73529D0A4FC3}.Debug|Any CPU.Build.0 = Debug|Any CPU
		{906E5E82-7CFD-4302-8B43-73529D0A4FC3}.Release|Any CPU.ActiveCfg = Release|Any CPU
		{906E5E82-7CFD-4302-8B43-73529D0A4FC3}.Release|Any CPU.Build.0 = Release|Any CPU
		{21E05537-F141-43B0-B92E-DF5BD1C94C81}.Debug|Any CPU.ActiveCfg = Debug|Any CPU
		{21E05537-F141-43B0-B92E-DF5BD1C94C81}.Debug|Any CPU.Build.0 = Debug|Any CPU
		{21E05537-F141-43B0-B92E-DF5BD1C94C81}.Release|Any CPU.ActiveCfg = Release|Any CPU
		{21E05537-F141-43B0-B92E-DF5BD1C94C81}.Release|Any CPU.Build.0 = Release|Any CPU
		{C7977876-E65D-4F87-9A79-CA3E917F3D7A}.Debug|Any CPU.ActiveCfg = Debug|Any CPU
		{C7977876-E65D-4F87-9A79-CA3E917F3D7A}.Debug|Any CPU.Build.0 = Debug|Any CPU
		{C7977876-E65D-4F87-9A79-CA3E917F3D7A}.Release|Any CPU.ActiveCfg = Release|Any CPU
		{C7977876-E65D-4F87-9A79-CA3E917F3D7A}.Release|Any CPU.Build.0 = Release|Any CPU
		{A56CD457-191B-4911-8A17-E58539083F81}.Debug|Any CPU.ActiveCfg = Debug|Any CPU
		{A56CD457-191B-4911-8A17-E58539083F81}.Debug|Any CPU.Build.0 = Debug|Any CPU
		{A56CD457-191B-4911-8A17-E58539083F81}.Release|Any CPU.ActiveCfg = Release|Any CPU
		{A56CD457-191B-4911-8A17-E58539083F81}.Release|Any CPU.Build.0 = Release|Any CPU
		{7AFCEBFC-BF69-4D69-ADCA-148EA6CF8359}.Debug|Any CPU.ActiveCfg = Debug|Any CPU
		{7AFCEBFC-BF69-4D69-ADCA-148EA6CF8359}.Debug|Any CPU.Build.0 = Debug|Any CPU
		{7AFCEBFC-BF69-4D69-ADCA-148EA6CF8359}.Release|Any CPU.ActiveCfg = Release|Any CPU
		{7AFCEBFC-BF69-4D69-ADCA-148EA6CF8359}.Release|Any CPU.Build.0 = Release|Any CPU
	EndGlobalSection
	GlobalSection(SolutionProperties) = preSolution
		HideSolutionNode = FALSE
	EndGlobalSection
	GlobalSection(ExtensibilityGlobals) = postSolution
		SolutionGuid = {7E7A67E4-2E2A-4941-B914-8218120DC75C}
	EndGlobalSection
EndGlobal
